{
  "requires": true,
  "lockfileVersion": 1,
  "dependencies": {
    "bennu": {
      "version": "17.3.0",
      "resolved": "https://registry.npmjs.org/bennu/-/bennu-17.3.0.tgz",
      "integrity": "sha1-7hMvJam7aMyMnV4PsRP+4SAoydM=",
      "requires": {
        "nu-stream": ">=3.1.0",
        "seshet": "0.1.x"
      }
    },
    "json-pretty-html": {
      "version": "1.1.6",
      "resolved": "https://registry.npmjs.org/json-pretty-html/-/json-pretty-html-1.1.6.tgz",
      "integrity": "sha512-+bhQgNJ3ebvOIGSZ9OPWTHpv9xKaKIodekiphrUKrOCovuBfimtmn2G3vv/jzNsXg12g9SHcBYoiPO362ghDNA=="
    },
    "nu": {
      "version": "0.1.0",
      "resolved": "https://registry.npmjs.org/nu/-/nu-0.1.0.tgz",
      "integrity": "sha1-3svwtcsJdYdh744hjp1WsDDSFjQ="
    },
    "nu-stream": {
      "version": "3.3.1",
      "resolved": "https://registry.npmjs.org/nu-stream/-/nu-stream-3.3.1.tgz",
      "integrity": "sha1-2atQN7/QDIbna74oaGcnBjuRs68="
    },
    "seshet": {
      "version": "0.1.0",
      "resolved": "https://registry.npmjs.org/seshet/-/seshet-0.1.0.tgz",
      "integrity": "sha1-8L517ujomfU47nAB+tJux/52VgY="
    }
  }
}
