
Microsoft Visual Studio Solution File, Format Version 12.00
# Visual Studio 14
VisualStudioVersion = 14.0.25420.1
MinimumVisualStudioVersion = 10.0.40219.1
Project("{FAE04EC0-301F-11D3-BF4B-00C04F79EFBC}") = "PrincetonAlgorithms", "PrincetonAlgorithms.csproj", "{F9571870-AA86-4646-89DC-33880EE7652E}"
EndProject
Project("{F2A71F9B-5D33-465A-A702-920D77279786}") = "FuncionalAlgorithms", "..\FuncionalAlgorithms\FuncionalAlgorithms.fsproj", "{42F2FFD4-B523-43C1-A389-9C4522BCB624}"
EndProject
Project("{FAE04EC0-301F-11D3-BF4B-00C04F79EFBC}") = "AkkaNet.Algorithms.UnionFind", "AkkaNet.Algorithms.UnionFind\AkkaNet.Algorithms.UnionFind.csproj", "{99C368C3-B5C4-4517-AA3C-67018A7A7E72}"
EndProject
Project("{FAE04EC0-301F-11D3-BF4B-00C04F79EFBC}") = "Algorithms.UnionFind", "Algorithms.UnionFind\Algorithms.UnionFind.csproj", "{2F1344AA-2723-4ACE-9D47-49EAB2769DDF}"
EndProject
Project("{FAE04EC0-301F-11D3-BF4B-00C04F79EFBC}") = "AkkaNet.Host", "AkkaNet.Host\AkkaNet.Host.csproj", "{EB39A87E-DDCB-4F1B-B5FF-8EDBBBD2125A}"
EndProject
Project("{FAE04EC0-301F-11D3-BF4B-00C04F79EFBC}") = "SedgewickBook", "SedgewickBook\SedgewickBook.csproj", "{B1E76031-6B45-45B6-A074-407B9B79708F}"
EndProject
Project("{2150E333-8FDC-42A3-9474-1A3956D46DE8}") = "Book", "Book", "{0708E7A0-CBE3-4491-95B1-72A46BA16212}"
EndProject
Project("{2150E333-8FDC-42A3-9474-1A3956D46DE8}") = "Chapter01", "Chapter01", "{A7BE290F-87C6-448E-961B-7A237ADA3E7B}"
EndProject
Project("{FAE04EC0-301F-11D3-BF4B-00C04F79EFBC}") = "Exercise113", "Exercise113\Exercise113.csproj", "{D4EFEFF1-5AB1-481A-94E3-5831B02033FF}"
EndProject
Global
	GlobalSection(SolutionConfigurationPlatforms) = preSolution
		Debug|Any CPU = Debug|Any CPU
		Release|Any CPU = Release|Any CPU
	EndGlobalSection
	GlobalSection(ProjectConfigurationPlatforms) = postSolution
		{F9571870-AA86-4646-89DC-33880EE7652E}.Debug|Any CPU.ActiveCfg = Debug|Any CPU
		{F9571870-AA86-4646-89DC-33880EE7652E}.Debug|Any CPU.Build.0 = Debug|Any CPU
		{F9571870-AA86-4646-89DC-33880EE7652E}.Release|Any CPU.ActiveCfg = Release|Any CPU
		{F9571870-AA86-4646-89DC-33880EE7652E}.Release|Any CPU.Build.0 = Release|Any CPU
		{42F2FFD4-B523-43C1-A389-9C4522BCB624}.Debug|Any CPU.ActiveCfg = Debug|Any CPU
		{42F2FFD4-B523-43C1-A389-9C4522BCB624}.Debug|Any CPU.Build.0 = Debug|Any CPU
		{42F2FFD4-B523-43C1-A389-9C4522BCB624}.Release|Any CPU.ActiveCfg = Release|Any CPU
		{42F2FFD4-B523-43C1-A389-9C4522BCB624}.Release|Any CPU.Build.0 = Release|Any CPU
		{99C368C3-B5C4-4517-AA3C-67018A7A7E72}.Debug|Any CPU.ActiveCfg = Debug|Any CPU
		{99C368C3-B5C4-4517-AA3C-67018A7A7E72}.Debug|Any CPU.Build.0 = Debug|Any CPU
		{99C368C3-B5C4-4517-AA3C-67018A7A7E72}.Release|Any CPU.ActiveCfg = Release|Any CPU
		{99C368C3-B5C4-4517-AA3C-67018A7A7E72}.Release|Any CPU.Build.0 = Release|Any CPU
		{2F1344AA-2723-4ACE-9D47-49EAB2769DDF}.Debug|Any CPU.ActiveCfg = Debug|Any CPU
		{2F1344AA-2723-4ACE-9D47-49EAB2769DDF}.Debug|Any CPU.Build.0 = Debug|Any CPU
		{2F1344AA-2723-4ACE-9D47-49EAB2769DDF}.Release|Any CPU.ActiveCfg = Release|Any CPU
		{2F1344AA-2723-4ACE-9D47-49EAB2769DDF}.Release|Any CPU.Build.0 = Release|Any CPU
		{EB39A87E-DDCB-4F1B-B5FF-8EDBBBD2125A}.Debug|Any CPU.ActiveCfg = Debug|Any CPU
		{EB39A87E-DDCB-4F1B-B5FF-8EDBBBD2125A}.Debug|Any CPU.Build.0 = Debug|Any CPU
		{EB39A87E-DDCB-4F1B-B5FF-8EDBBBD2125A}.Release|Any CPU.ActiveCfg = Release|Any CPU
		{EB39A87E-DDCB-4F1B-B5FF-8EDBBBD2125A}.Release|Any CPU.Build.0 = Release|Any CPU
		{B1E76031-6B45-45B6-A074-407B9B79708F}.Debug|Any CPU.ActiveCfg = Debug|Any CPU
		{B1E76031-6B45-45B6-A074-407B9B79708F}.Debug|Any CPU.Build.0 = Debug|Any CPU
		{B1E76031-6B45-45B6-A074-407B9B79708F}.Release|Any CPU.ActiveCfg = Release|Any CPU
		{B1E76031-6B45-45B6-A074-407B9B79708F}.Release|Any CPU.Build.0 = Release|Any CPU
		{D4EFEFF1-5AB1-481A-94E3-5831B02033FF}.Debug|Any CPU.ActiveCfg = Debug|Any CPU
		{D4EFEFF1-5AB1-481A-94E3-5831B02033FF}.Debug|Any CPU.Build.0 = Debug|Any CPU
		{D4EFEFF1-5AB1-481A-94E3-5831B02033FF}.Release|Any CPU.ActiveCfg = Release|Any CPU
		{D4EFEFF1-5AB1-481A-94E3-5831B02033FF}.Release|Any CPU.Build.0 = Release|Any CPU
	EndGlobalSection
	GlobalSection(SolutionProperties) = preSolution
		HideSolutionNode = FALSE
	EndGlobalSection
	GlobalSection(NestedProjects) = preSolution
		{B1E76031-6B45-45B6-A074-407B9B79708F} = {A7BE290F-87C6-448E-961B-7A237ADA3E7B}
		{A7BE290F-87C6-448E-961B-7A237ADA3E7B} = {0708E7A0-CBE3-4491-95B1-72A46BA16212}
		{D4EFEFF1-5AB1-481A-94E3-5831B02033FF} = {A7BE290F-87C6-448E-961B-7A237ADA3E7B}
	EndGlobalSection
EndGlobal
