
Microsoft Visual Studio Solution File, Format Version 12.00
# Visual Studio 15
VisualStudioVersion = 15.0.28307.168
MinimumVisualStudioVersion = 10.0.40219.1
Project("{FAE04EC0-301F-11D3-BF4B-00C04F79EFBC}") = "html2tex", "html2tex\html2tex.csproj", "{870EC2EE-38EF-4271-9E5D-4ACFB63E0A07}"
EndProject
Global
	GlobalSection(SolutionConfigurationPlatforms) = preSolution
		Debug|Any CPU = Debug|Any CPU
		Release|Any CPU = Release|Any CPU
	EndGlobalSection
	GlobalSection(ProjectConfigurationPlatforms) = postSolution
		{870EC2EE-38EF-4271-9E5D-4ACFB63E0A07}.Debug|Any CPU.ActiveCfg = Debug|Any CPU
		{870EC2EE-38EF-4271-9E5D-4ACFB63E0A07}.Debug|Any CPU.Build.0 = Debug|Any CPU
		{870EC2EE-38EF-4271-9E5D-4ACFB63E0A07}.Release|Any CPU.ActiveCfg = Release|Any CPU
		{870EC2EE-38EF-4271-9E5D-4ACFB63E0A07}.Release|Any CPU.Build.0 = Release|Any CPU
	EndGlobalSection
	GlobalSection(SolutionProperties) = preSolution
		HideSolutionNode = FALSE
	EndGlobalSection
	GlobalSection(ExtensibilityGlobals) = postSolution
		SolutionGuid = {F04F7189-901D-476C-ABC1-99FA4132BDA8}
	EndGlobalSection
EndGlobal
