
Microsoft Visual Studio Solution File, Format Version 12.00
# Visual Studio 15
VisualStudioVersion = 15.0.26730.12
MinimumVisualStudioVersion = 10.0.40219.1
Project("{FAE04EC0-301F-11D3-BF4B-00C04F79EFBC}") = "OOFunctional", "OOFunctional\OOFunctional.csproj", "{4F50085B-0590-47BA-8918-DBE3C34180F5}"
EndProject
Global
	GlobalSection(SolutionConfigurationPlatforms) = preSolution
		Debug|Any CPU = Debug|Any CPU
		Release|Any CPU = Release|Any CPU
	EndGlobalSection
	GlobalSection(ProjectConfigurationPlatforms) = postSolution
		{4F50085B-0590-47BA-8918-DBE3C34180F5}.Debug|Any CPU.ActiveCfg = Debug|Any CPU
		{4F50085B-0590-47BA-8918-DBE3C34180F5}.Debug|Any CPU.Build.0 = Debug|Any CPU
		{4F50085B-0590-47BA-8918-DBE3C34180F5}.Release|Any CPU.ActiveCfg = Release|Any CPU
		{4F50085B-0590-47BA-8918-DBE3C34180F5}.Release|Any CPU.Build.0 = Release|Any CPU
	EndGlobalSection
	GlobalSection(SolutionProperties) = preSolution
		HideSolutionNode = FALSE
	EndGlobalSection
	GlobalSection(ExtensibilityGlobals) = postSolution
		SolutionGuid = {29482309-7416-4EDB-B373-F859AA64540D}
	EndGlobalSection
EndGlobal
