
Microsoft Visual Studio Solution File, Format Version 12.00
# Visual Studio 14
VisualStudioVersion = 14.0.25420.1
MinimumVisualStudioVersion = 10.0.40219.1
Project("{FAE04EC0-301F-11D3-BF4B-00C04F79EFBC}") = "PrincetonAlgorithms", "PrincetonAlgorithms.csproj", "{F9571870-AA86-4646-89DC-33880EE7652E}"
EndProject
Project("{F2A71F9B-5D33-465A-A702-920D77279786}") = "FuncionalAlgorithms", "..\FuncionalAlgorithms\FuncionalAlgorithms.fsproj", "{42F2FFD4-B523-43C1-A389-9C4522BCB624}"
EndProject
Global
	GlobalSection(SolutionConfigurationPlatforms) = preSolution
		Debug|Any CPU = Debug|Any CPU
		Release|Any CPU = Release|Any CPU
	EndGlobalSection
	GlobalSection(ProjectConfigurationPlatforms) = postSolution
		{F9571870-AA86-4646-89DC-33880EE7652E}.Debug|Any CPU.ActiveCfg = Debug|Any CPU
		{F9571870-AA86-4646-89DC-33880EE7652E}.Debug|Any CPU.Build.0 = Debug|Any CPU
		{F9571870-AA86-4646-89DC-33880EE7652E}.Release|Any CPU.ActiveCfg = Release|Any CPU
		{F9571870-AA86-4646-89DC-33880EE7652E}.Release|Any CPU.Build.0 = Release|Any CPU
		{42F2FFD4-B523-43C1-A389-9C4522BCB624}.Debug|Any CPU.ActiveCfg = Debug|Any CPU
		{42F2FFD4-B523-43C1-A389-9C4522BCB624}.Debug|Any CPU.Build.0 = Debug|Any CPU
		{42F2FFD4-B523-43C1-A389-9C4522BCB624}.Release|Any CPU.ActiveCfg = Release|Any CPU
		{42F2FFD4-B523-43C1-A389-9C4522BCB624}.Release|Any CPU.Build.0 = Release|Any CPU
	EndGlobalSection
	GlobalSection(SolutionProperties) = preSolution
		HideSolutionNode = FALSE
	EndGlobalSection
EndGlobal
