{
  "requires": true,
  "lockfileVersion": 1,
  "dependencies": {
    "perlin.js": {
      "version": "1.0.0",
      "resolved": "https://registry.npmjs.org/perlin.js/-/perlin.js-1.0.0.tgz",
      "integrity": "sha512-0MVPmdJDH6GjDoa0hOTboFTPNZeJXhFRlsyEi1GPEVke0vhF1zVrtfEaQ3hH7M2NB5+V0rCPOGWjkBksQhZB4A=="
    },
    "three": {
      "version": "0.116.1",
      "resolved": "https://registry.npmjs.org/three/-/three-0.116.1.tgz",
      "integrity": "sha512-l2JCMiA/lVZAuSrLWRYMalvpR+0j8hbIhCpfs4V6JFnw2+JQEQJ5HltNpfFr+9TDpQts1BhtcISehWf/xBGPvQ=="
    },
    "three-orbit-controls": {
      "version": "82.1.0",
      "resolved": "https://registry.npmjs.org/three-orbit-controls/-/three-orbit-controls-82.1.0.tgz",
      "integrity": "sha1-EafzPQog7OyY8Jizd4D2U3N0+rQ="
    }
  }
}
