
Microsoft Visual Studio Solution File, Format Version 12.00
# Visual Studio 15
VisualStudioVersion = 15.0.28010.2016
MinimumVisualStudioVersion = 10.0.40219.1
Project("{8BC9CEB8-8B4A-11D0-8D11-00A0C91BC942}") = "mydb", "mydb.vcxproj", "{2AACE188-419C-4E04-95E8-53EA1CE0291D}"
EndProject
Global
	GlobalSection(SolutionConfigurationPlatforms) = preSolution
		Debug|x64 = Debug|x64
		Debug|x86 = Debug|x86
		Release|x64 = Release|x64
		Release|x86 = Release|x86
	EndGlobalSection
	GlobalSection(ProjectConfigurationPlatforms) = postSolution
		{2AACE188-419C-4E04-95E8-53EA1CE0291D}.Debug|x64.ActiveCfg = Debug|x64
		{2AACE188-419C-4E04-95E8-53EA1CE0291D}.Debug|x64.Build.0 = Debug|x64
		{2AACE188-419C-4E04-95E8-53EA1CE0291D}.Debug|x86.ActiveCfg = Debug|Win32
		{2AACE188-419C-4E04-95E8-53EA1CE0291D}.Debug|x86.Build.0 = Debug|Win32
		{2AACE188-419C-4E04-95E8-53EA1CE0291D}.Release|x64.ActiveCfg = Release|x64
		{2AACE188-419C-4E04-95E8-53EA1CE0291D}.Release|x64.Build.0 = Release|x64
		{2AACE188-419C-4E04-95E8-53EA1CE0291D}.Release|x86.ActiveCfg = Release|Win32
		{2AACE188-419C-4E04-95E8-53EA1CE0291D}.Release|x86.Build.0 = Release|Win32
	EndGlobalSection
	GlobalSection(SolutionProperties) = preSolution
		HideSolutionNode = FALSE
	EndGlobalSection
	GlobalSection(ExtensibilityGlobals) = postSolution
		SolutionGuid = {E2F19510-1587-4735-AC6A-088C3C2F1E45}
	EndGlobalSection
EndGlobal
